
Microsoft Visual Studio Solution File, Format Version 12.00
# Visual Studio Version 16
VisualStudioVersion = 16.0.29709.97
MinimumVisualStudioVersion = 10.0.40219.1
Project("{1B3FCC85-09C5-4A8F-8980-0AE080E3EFAC}") = "HousingSweepy", "HousingSweepy\HousingSweepy.csproj", "{04126AAC-1E96-4667-8580-DE85C3871F50}"
EndProject
Global
	GlobalSection(SolutionConfigurationPlatforms) = preSolution
		Debug|x64 = Debug|x64
		Release|x64 = Release|x64
	EndGlobalSection
	GlobalSection(ProjectConfigurationPlatforms) = postSolution
		{04126AAC-1E96-4667-8580-DE85C3871F50}.Debug|x64.ActiveCfg = Debug|x64
		{04126AAC-1E96-4667-8580-DE85C3871F50}.Debug|x64.Build.0 = Debug|x64
		{04126AAC-1E96-4667-8580-DE85C3871F50}.Release|x64.ActiveCfg = Release|x64
		{04126AAC-1E96-4667-8580-DE85C3871F50}.Release|x64.Build.0 = Release|x64
	EndGlobalSection
	GlobalSection(SolutionProperties) = preSolution
		HideSolutionNode = FALSE
	EndGlobalSection
	GlobalSection(ExtensibilityGlobals) = postSolution
		SolutionGuid = {04126AAC-1E96-4667-8580-DE85C3871F50}
	EndGlobalSection
EndGlobal
